PODS:
  - Alamofire (5.4.3)
  - IQKeyboardManagerSwift (6.3.0)
  - Kingfisher (6.3.0)
  - Realm (10.14.0):
    - Realm/Headers (= 10.14.0)
  - Realm/Headers (10.14.0)
  - RealmSwift (10.14.0):
    - Realm (= 10.14.0)

DEPENDENCIES:
  - Alamofire (~> 5.2)
  - IQKeyboardManagerSwift (= 6.3.0)
  - Kingfisher
  - RealmSwift (~> 10)

SPEC REPOS:
  trunk:
    - Alamofire
    - IQKeyboardManagerSwift
    - Kingfisher
    - Realm
    - RealmSwift

SPEC CHECKSUMS:
  Alamofire: e447a2774a40c996748296fa2c55112fdbbc42f9
  IQKeyboardManagerSwift: a8228c257614af98743b4cd8584637025f36358f
  Kingfisher: 6c3df386db71d82c0817a429d2c9421a77396529
  Realm: 95a120db10fa66d0f1d10bee4ce828177ae00090
  RealmSwift: 4937e1b6f9b87bc25dc23883198807bf69e8cb76

PODFILE CHECKSUM: 1c3e76d0a94d5d031009a9b6240355b910daa68a

COCOAPODS: 1.10.1
